
Microsoft Visual Studio Solution File, Format Version 12.00
# Visual Studio 15
VisualStudioVersion = 15.0.27428.2015
MinimumVisualStudioVersion = 10.0.40219.1
Project("{FAE04EC0-301F-11D3-BF4B-00C04F79EFBC}") = "ConnectionSamples", "ConnectionSamples.csproj", "{B67C423B-E3C1-47C3-AC80-10A872B84716}"
EndProject
Global
	GlobalSection(SolutionConfigurationPlatforms) = preSolution
		Debug|Any CPU = Debug|Any CPU
		Release|Any CPU = Release|Any CPU
	EndGlobalSection
	GlobalSection(ProjectConfigurationPlatforms) = postSolution
		{B67C423B-E3C1-47C3-AC80-10A872B84716}.Debug|Any CPU.ActiveCfg = Debug|Any CPU
		{B67C423B-E3C1-47C3-AC80-10A872B84716}.Debug|Any CPU.Build.0 = Debug|Any CPU
		{B67C423B-E3C1-47C3-AC80-10A872B84716}.Release|Any CPU.ActiveCfg = Release|Any CPU
		{B67C423B-E3C1-47C3-AC80-10A872B84716}.Release|Any CPU.Build.0 = Release|Any CPU
	EndGlobalSection
	GlobalSection(SolutionProperties) = preSolution
		HideSolutionNode = FALSE
	EndGlobalSection
	GlobalSection(ExtensibilityGlobals) = postSolution
		SolutionGuid = {7239D65D-CA02-4F00-B730-0BEC3900FE43}
	EndGlobalSection
EndGlobal
